{
    "_readme": [
        "This file locks the dependencies of your project to a known state",
        "Read more about it at https://getcomposer.org/doc/01-basic-usage.md#installing-dependencies",
        "This file is @generated automatically"
    ],
    "content-hash": "77cb68c950464662b8fcd62f06811748",
    "packages": [
        {
            "name": "a7/autoload",
            "version": "2.1",
            "source": {
                "type": "git",
                "url": "https://github.com/a7/autoload.git",
                "reference": "2d4a63c88150869883e43ad04e04b81125b55fd9"
            },
            "dist": {
                "type": "zip",
                "url": "https://api.github.com/repos/a7/autoload/zipball/2d4a63c88150869883e43ad04e04b81125b55fd9",
                "reference": "2d4a63c88150869883e43ad04e04b81125b55fd9",
                "shasum": ""
            },
            "require": {
                "php": ">=7.0"
            },
            "type": "library",
            "autoload": {
                "files": [
                    "package.php"
                ]
            },
            "notification-url": "https://packagist.org/downloads/",
            "license": [
                "Unlicense"
            ],
            "authors": [
                {
                    "name": "A7",
                    "email": "a7@fastmail.com",
                    "homepage": "https://github.com/a7"
                }
            ],
            "description": "Automatically and recursively require_once all php files in a given directory.",
            "support": {
                "issues": "https://github.com/a7/autoload/issues",
                "source": "https://github.com/a7/autoload/tree/2.1"
            },
            "time": "2019-03-28T11:26:32+00:00"
        },
        {
            "name": "ajgl/breakpoint-twig-extension",
            "version": "0.3.5",
            "source": {
                "type": "git",
                "url": "https://github.com/ajgarlag/AjglBreakpointTwigExtension.git",
                "reference": "9875feea0ac4bc3c9f308c62bae4727669d6052a"
            },
            "dist": {
                "type": "zip",
                "url": "https://api.github.com/repos/ajgarlag/AjglBreakpointTwigExtension/zipball/9875feea0ac4bc3c9f308c62bae4727669d6052a",
                "reference": "9875feea0ac4bc3c9f308c62bae4727669d6052a",
                "shasum": ""
            },
            "require": {
                "php": ">=5.6",
                "twig/twig": "^1.34|^2.0|^3.0"
            },
            "require-dev": {
                "friendsofphp/php-cs-fixer": "^2.18",
                "symfony/framework-bundle": "^2.7|^3.4|^4.4|^5.2",
                "symfony/phpunit-bridge": "^4.4|^5.2",
                "symfony/twig-bundle": "^2.7|^3.4|^4.4|^5.2"
            },
            "suggest": {
                "ext-xdebug": "The Xdebug extension is required for the breakpoint to work",
                "symfony/framework-bundle": "The framework bundle to integrate the extension into Symfony",
                "symfony/twig-bundle": "The twig bundle to integrate the extension into Symfony"
            },
            "type": "library",
            "extra": {
                "branch-alias": {
                    "dev-master": "0.3.x-dev"
                }
            },
            "autoload": {
                "psr-4": {
                    "Ajgl\\Twig\\Extension\\": "src/"
                }
            },
            "notification-url": "https://packagist.org/downloads/",
            "license": [
                "MIT"
            ],
            "authors": [
                {
                    "name": "Antonio J. García Lagar",
                    "email": "aj@garcialagar.es",
                    "homepage": "http://aj.garcialagar.es",
                    "role": "developer"
                }
            ],
            "description": "Twig extension to set breakpoints",
            "homepage": "https://github.com/ajgarlag/AjglBreakpointTwigExtension",
            "keywords": [
                "Xdebug",
                "breakpoint",
                "twig"
            ],
            "support": {
                "issues": "https://github.com/ajgarlag/AjglBreakpointTwigExtension/issues",
                "source": "https://github.com/ajgarlag/AjglBreakpointTwigExtension/tree/0.3.5"
            },
            "time": "2021-02-08T10:48:05+00:00"
        },
        {
            "name": "djboris88/timber-debugger",
            "version": "1.1.0",
            "source": {
                "type": "git",
                "url": "https://github.com/djboris88/timber-debugger.git",
                "reference": "39698bcedb40f5953e94ec4284e6fe42206e499e"
            },
            "dist": {
                "type": "zip",
                "url": "https://api.github.com/repos/djboris88/timber-debugger/zipball/39698bcedb40f5953e94ec4284e6fe42206e499e",
                "reference": "39698bcedb40f5953e94ec4284e6fe42206e499e",
                "shasum": ""
            },
            "require": {
                "ajgl/breakpoint-twig-extension": "^0.3.4",
                "djboris88/twig-commented-include": "^1.2",
                "hellonico/twig-dump-extension": "^1.0",
                "php": ">=5.6"
            },
            "type": "library",
            "autoload": {
                "files": [
                    "functions.php"
                ],
                "psr-4": {
                    "Djboris88\\Timber\\": "src/"
                }
            },
            "notification-url": "https://packagist.org/downloads/",
            "license": [
                "GPL-3.0"
            ],
            "authors": [
                {
                    "name": "Boris Đemrovski",
                    "email": "djboris88@gmail.com",
                    "role": "developer"
                }
            ],
            "description": "Composer package which provides some extra debugging options for Timber",
            "homepage": "https://github.com/djboris88/timber-include-comments",
            "keywords": [
                "debug",
                "timber",
                "twig"
            ],
            "support": {
                "issues": "https://github.com/djboris88/timber-debugger/issues",
                "source": "https://github.com/djboris88/timber-debugger/tree/master"
            },
            "time": "2019-12-11T09:07:04+00:00"
        },
        {
            "name": "djboris88/twig-commented-include",
            "version": "1.2.0",
            "source": {
                "type": "git",
                "url": "https://github.com/djboris88/twig-commented-include.git",
                "reference": "a78dcf60100165f0a07c76e97739d744aca9d9db"
            },
            "dist": {
                "type": "zip",
                "url": "https://api.github.com/repos/djboris88/twig-commented-include/zipball/a78dcf60100165f0a07c76e97739d744aca9d9db",
                "reference": "a78dcf60100165f0a07c76e97739d744aca9d9db",
                "shasum": ""
            },
            "require": {
                "php": ">=5.6",
                "twig/twig": "^1.14|^2.0|^3.0"
            },
            "require-dev": {
                "symfony/framework-bundle": "^2.7|^3.2",
                "symfony/twig-bundle": "^2.7|^3.2"
            },
            "suggest": {
                "symfony/framework-bundle": "The framework bundle to integrate the extension into Symfony",
                "symfony/twig-bundle": "The twig bundle to integrate the extension into Symfony"
            },
            "type": "library",
            "autoload": {
                "psr-4": {
                    "Djboris88\\Twig\\": "src/"
                }
            },
            "notification-url": "https://packagist.org/downloads/",
            "license": [
                "GPL-3.0"
            ],
            "authors": [
                {
                    "name": "Boris Đemrovski",
                    "email": "djboris88@gmail.com",
                    "role": "developer"
                }
            ],
            "description": "Twig extension which outputs HTML comments before and after the `include` tag",
            "homepage": "https://github.com/djboris88/twig-include-comments",
            "keywords": [
                "comments",
                "debug",
                "html",
                "twig"
            ],
            "support": {
                "issues": "https://github.com/djboris88/twig-commented-include/issues",
                "source": "https://github.com/djboris88/twig-commented-include/tree/1.2.0"
            },
            "time": "2019-12-11T09:04:24+00:00"
        },
        {
            "name": "hellonico/twig-dump-extension",
            "version": "1.2.0",
            "source": {
                "type": "git",
                "url": "https://github.com/nlemoine/twig-dump-extension.git",
                "reference": "fb5fbea20032254d32aaaba5fc1113a4a4877aaf"
            },
            "dist": {
                "type": "zip",
                "url": "https://api.github.com/repos/nlemoine/twig-dump-extension/zipball/fb5fbea20032254d32aaaba5fc1113a4a4877aaf",
                "reference": "fb5fbea20032254d32aaaba5fc1113a4a4877aaf",
                "shasum": ""
            },
            "require": {
                "symfony/var-dumper": "^4.2 || ^5.0 || ^6.0",
                "twig/twig": "^2.4 || ^3.0"
            },
            "type": "library",
            "autoload": {
                "psr-4": {
                    "HelloNico\\Twig\\": "src/"
                }
            },
            "notification-url": "https://packagist.org/downloads/",
            "license": [
                "GPL-3.0+"
            ],
            "authors": [
                {
                    "name": "Nicolas Lemoine",
                    "email": "nico@niconico.fr",
                    "homepage": "https://github.com/nlemoine"
                }
            ],
            "description": "VarDumper Twig extension",
            "homepage": "https://github.com/nlemoine/twig-dump-extension",
            "support": {
                "issues": "https://github.com/nlemoine/twig-dump-extension/issues",
                "source": "https://github.com/nlemoine/twig-dump-extension/tree/1.2.0"
            },
            "abandoned": "symfony/twig-bridge",
            "time": "2022-07-12T15:30:32+00:00"
        },
        {
            "name": "palmiak/timber-acf-wp-blocks",
            "version": "1.15",
            "source": {
                "type": "git",
                "url": "https://github.com/palmiak/timber-acf-wp-blocks.git",
                "reference": "4d3ecfc31ba5c90964a4f0e7e10b97cb3a2ceb7e"
            },
            "dist": {
                "type": "zip",
                "url": "https://api.github.com/repos/palmiak/timber-acf-wp-blocks/zipball/4d3ecfc31ba5c90964a4f0e7e10b97cb3a2ceb7e",
                "reference": "4d3ecfc31ba5c90964a4f0e7e10b97cb3a2ceb7e",
                "shasum": ""
            },
            "require": {
                "php": ">=5.6"
            },
            "require-dev": {
                "dealerdirect/phpcodesniffer-composer-installer": "0.5.0",
                "wp-coding-standards/wpcs": "2.0"
            },
            "type": "library",
            "autoload": {
                "files": [
                    "timber-acf-wp-blocks.php"
                ]
            },
            "notification-url": "https://packagist.org/downloads/",
            "license": [
                "MIT"
            ],
            "authors": [
                {
                    "name": "Maciej Palmowski",
                    "email": "m.palmowski@freshpixels.pl"
                },
                {
                    "name": "Michael W. Delaney",
                    "email": "michael@michaeldelaney.me"
                },
                {
                    "name": "Nico Prat"
                }
            ],
            "description": "Create Gutenberg blocks from Twig templates and ACF fields.",
            "keywords": [
                "advanced custom fields",
                "gutenberg",
                "wordpress"
            ],
            "support": {
                "issues": "https://github.com/palmiak/timber-acf-wp-blocks/issues",
                "source": "https://github.com/palmiak/timber-acf-wp-blocks/tree/1.15"
            },
            "time": "2021-08-27T09:09:45+00:00"
        },
        {
            "name": "symfony/deprecation-contracts",
            "version": "v3.5.1",
            "source": {
                "type": "git",
                "url": "https://github.com/symfony/deprecation-contracts.git",
                "reference": "74c71c939a79f7d5bf3c1ce9f5ea37ba0114c6f6"
            },
            "dist": {
                "type": "zip",
                "url": "https://api.github.com/repos/symfony/deprecation-contracts/zipball/74c71c939a79f7d5bf3c1ce9f5ea37ba0114c6f6",
                "reference": "74c71c939a79f7d5bf3c1ce9f5ea37ba0114c6f6",
                "shasum": ""
            },
            "require": {
                "php": ">=8.1"
            },
            "type": "library",
            "extra": {
                "thanks": {
                    "url": "https://github.com/symfony/contracts",
                    "name": "symfony/contracts"
                },
                "branch-alias": {
                    "dev-main": "3.5-dev"
                }
            },
            "autoload": {
                "files": [
                    "function.php"
                ]
            },
            "notification-url": "https://packagist.org/downloads/",
            "license": [
                "MIT"
            ],
            "authors": [
                {
                    "name": "Nicolas Grekas",
                    "email": "p@tchwork.com"
                },
                {
                    "name": "Symfony Community",
                    "homepage": "https://symfony.com/contributors"
                }
            ],
            "description": "A generic function and convention to trigger deprecation notices",
            "homepage": "https://symfony.com",
            "support": {
                "source": "https://github.com/symfony/deprecation-contracts/tree/v3.5.1"
            },
            "funding": [
                {
                    "url": "https://symfony.com/sponsor",
                    "type": "custom"
                },
                {
                    "url": "https://github.com/fabpot",
                    "type": "github"
                },
                {
                    "url": "https://tidelift.com/funding/github/packagist/symfony/symfony",
                    "type": "tidelift"
                }
            ],
            "time": "2024-09-25T14:20:29+00:00"
        },
        {
            "name": "symfony/polyfill-ctype",
            "version": "v1.31.0",
            "source": {
                "type": "git",
                "url": "https://github.com/symfony/polyfill-ctype.git",
                "reference": "a3cc8b044a6ea513310cbd48ef7333b384945638"
            },
            "dist": {
                "type": "zip",
                "url": "https://api.github.com/repos/symfony/polyfill-ctype/zipball/a3cc8b044a6ea513310cbd48ef7333b384945638",
                "reference": "a3cc8b044a6ea513310cbd48ef7333b384945638",
                "shasum": ""
            },
            "require": {
                "php": ">=7.2"
            },
            "provide": {
                "ext-ctype": "*"
            },
            "suggest": {
                "ext-ctype": "For best performance"
            },
            "type": "library",
            "extra": {
                "thanks": {
                    "url": "https://github.com/symfony/polyfill",
                    "name": "symfony/polyfill"
                }
            },
            "autoload": {
                "files": [
                    "bootstrap.php"
                ],
                "psr-4": {
                    "Symfony\\Polyfill\\Ctype\\": ""
                }
            },
            "notification-url": "https://packagist.org/downloads/",
            "license": [
                "MIT"
            ],
            "authors": [
                {
                    "name": "Gert de Pagter",
                    "email": "BackEndTea@gmail.com"
                },
                {
                    "name": "Symfony Community",
                    "homepage": "https://symfony.com/contributors"
                }
            ],
            "description": "Symfony polyfill for ctype functions",
            "homepage": "https://symfony.com",
            "keywords": [
                "compatibility",
                "ctype",
                "polyfill",
                "portable"
            ],
            "support": {
                "source": "https://github.com/symfony/polyfill-ctype/tree/v1.31.0"
            },
            "funding": [
                {
                    "url": "https://symfony.com/sponsor",
                    "type": "custom"
                },
                {
                    "url": "https://github.com/fabpot",
                    "type": "github"
                },
                {
                    "url": "https://tidelift.com/funding/github/packagist/symfony/symfony",
                    "type": "tidelift"
                }
            ],
            "time": "2024-09-09T11:45:10+00:00"
        },
        {
            "name": "symfony/polyfill-mbstring",
            "version": "v1.31.0",
            "source": {
                "type": "git",
                "url": "https://github.com/symfony/polyfill-mbstring.git",
                "reference": "85181ba99b2345b0ef10ce42ecac37612d9fd341"
            },
            "dist": {
                "type": "zip",
                "url": "https://api.github.com/repos/symfony/polyfill-mbstring/zipball/85181ba99b2345b0ef10ce42ecac37612d9fd341",
                "reference": "85181ba99b2345b0ef10ce42ecac37612d9fd341",
                "shasum": ""
            },
            "require": {
                "php": ">=7.2"
            },
            "provide": {
                "ext-mbstring": "*"
            },
            "suggest": {
                "ext-mbstring": "For best performance"
            },
            "type": "library",
            "extra": {
                "thanks": {
                    "url": "https://github.com/symfony/polyfill",
                    "name": "symfony/polyfill"
                }
            },
            "autoload": {
                "files": [
                    "bootstrap.php"
                ],
                "psr-4": {
                    "Symfony\\Polyfill\\Mbstring\\": ""
                }
            },
            "notification-url": "https://packagist.org/downloads/",
            "license": [
                "MIT"
            ],
            "authors": [
                {
                    "name": "Nicolas Grekas",
                    "email": "p@tchwork.com"
                },
                {
                    "name": "Symfony Community",
                    "homepage": "https://symfony.com/contributors"
                }
            ],
            "description": "Symfony polyfill for the Mbstring extension",
            "homepage": "https://symfony.com",
            "keywords": [
                "compatibility",
                "mbstring",
                "polyfill",
                "portable",
                "shim"
            ],
            "support": {
                "source": "https://github.com/symfony/polyfill-mbstring/tree/v1.31.0"
            },
            "funding": [
                {
                    "url": "https://symfony.com/sponsor",
                    "type": "custom"
                },
                {
                    "url": "https://github.com/fabpot",
                    "type": "github"
                },
                {
                    "url": "https://tidelift.com/funding/github/packagist/symfony/symfony",
                    "type": "tidelift"
                }
            ],
            "time": "2024-09-09T11:45:10+00:00"
        },
        {
            "name": "symfony/var-dumper",
            "version": "v6.4.18",
            "source": {
                "type": "git",
                "url": "https://github.com/symfony/var-dumper.git",
                "reference": "4ad10cf8b020e77ba665305bb7804389884b4837"
            },
            "dist": {
                "type": "zip",
                "url": "https://api.github.com/repos/symfony/var-dumper/zipball/4ad10cf8b020e77ba665305bb7804389884b4837",
                "reference": "4ad10cf8b020e77ba665305bb7804389884b4837",
                "shasum": ""
            },
            "require": {
                "php": ">=8.1",
                "symfony/deprecation-contracts": "^2.5|^3",
                "symfony/polyfill-mbstring": "~1.0"
            },
            "conflict": {
                "symfony/console": "<5.4"
            },
            "require-dev": {
                "ext-iconv": "*",
                "symfony/console": "^5.4|^6.0|^7.0",
                "symfony/error-handler": "^6.3|^7.0",
                "symfony/http-kernel": "^5.4|^6.0|^7.0",
                "symfony/process": "^5.4|^6.0|^7.0",
                "symfony/uid": "^5.4|^6.0|^7.0",
                "twig/twig": "^2.13|^3.0.4"
            },
            "bin": [
                "Resources/bin/var-dump-server"
            ],
            "type": "library",
            "autoload": {
                "files": [
                    "Resources/functions/dump.php"
                ],
                "psr-4": {
                    "Symfony\\Component\\VarDumper\\": ""
                },
                "exclude-from-classmap": [
                    "/Tests/"
                ]
            },
            "notification-url": "https://packagist.org/downloads/",
            "license": [
                "MIT"
            ],
            "authors": [
                {
                    "name": "Nicolas Grekas",
                    "email": "p@tchwork.com"
                },
                {
                    "name": "Symfony Community",
                    "homepage": "https://symfony.com/contributors"
                }
            ],
            "description": "Provides mechanisms for walking through any arbitrary PHP variable",
            "homepage": "https://symfony.com",
            "keywords": [
                "debug",
                "dump"
            ],
            "support": {
                "source": "https://github.com/symfony/var-dumper/tree/v6.4.18"
            },
            "funding": [
                {
                    "url": "https://symfony.com/sponsor",
                    "type": "custom"
                },
                {
                    "url": "https://github.com/fabpot",
                    "type": "github"
                },
                {
                    "url": "https://tidelift.com/funding/github/packagist/symfony/symfony",
                    "type": "tidelift"
                }
            ],
            "time": "2025-01-17T11:26:11+00:00"
        },
        {
            "name": "timber/timber",
            "version": "v2.3.1",
            "source": {
                "type": "git",
                "url": "https://github.com/timber/timber.git",
                "reference": "3f6e73feadf5d547dff4992f645805da7fbc4d3a"
            },
            "dist": {
                "type": "zip",
                "url": "https://api.github.com/repos/timber/timber/zipball/3f6e73feadf5d547dff4992f645805da7fbc4d3a",
                "reference": "3f6e73feadf5d547dff4992f645805da7fbc4d3a",
                "shasum": ""
            },
            "require": {
                "php": "^8.1",
                "twig/twig": "^3.17"
            },
            "require-dev": {
                "ergebnis/composer-normalize": "^2.28",
                "php-parallel-lint/php-parallel-lint": "^1.3",
                "php-stubs/acf-pro-stubs": "^6.0",
                "php-stubs/wp-cli-stubs": "^2.0",
                "phpro/grumphp": "^2.0",
                "phpstan/extension-installer": "^1.1",
                "phpstan/phpstan": "^1.7",
                "phpunit/phpunit": "^9.0",
                "rector/rector": "^1.0",
                "squizlabs/php_codesniffer": "^3.0",
                "symplify/easy-coding-standard": "^12.2",
                "szepeviktor/phpstan-wordpress": "^1.1",
                "twig/cache-extra": "^3.17",
                "wpackagist-plugin/advanced-custom-fields": "^6.0",
                "wpackagist-plugin/co-authors-plus": "^3.6",
                "yoast/wp-test-utils": "^1.2"
            },
            "suggest": {
                "php-coveralls/php-coveralls": "^2.0 for code coverage",
                "twig/cache-extra": "For using the cache tag in Twig"
            },
            "type": "library",
            "autoload": {
                "psr-4": {
                    "Timber\\": "src/"
                }
            },
            "notification-url": "https://packagist.org/downloads/",
            "license": [
                "MIT"
            ],
            "authors": [
                {
                    "name": "Erik van der Bas",
                    "email": "erik@basedonline.nl",
                    "homepage": "https://basedonline.nl"
                },
                {
                    "name": "Lukas Gächter",
                    "email": "lukas.gaechter@mind.ch",
                    "homepage": "https://www.mind.ch"
                },
                {
                    "name": "Nicolas Lemoine",
                    "email": "nico@n5s.dev",
                    "homepage": "https://n5s.dev"
                },
                {
                    "name": "Jared Novack",
                    "email": "jared@upstatement.com",
                    "homepage": "https://upstatement.com"
                },
                {
                    "name": "Timber Community",
                    "homepage": "https://github.com/timber/timber"
                }
            ],
            "description": "Create WordPress themes with beautiful OOP code and the Twig Template Engine",
            "homepage": "https://timber.upstatement.com",
            "keywords": [
                "templating",
                "themes",
                "timber",
                "twig",
                "wordpress"
            ],
            "support": {
                "docs": "https://timber.github.io/docs/",
                "issues": "https://github.com/timber/timber/issues",
                "source": "https://github.com/timber/timber"
            },
            "funding": [
                {
                    "url": "https://github.com/timber",
                    "type": "github"
                },
                {
                    "url": "https://opencollective.com/timber",
                    "type": "open_collective"
                }
            ],
            "time": "2024-12-23T13:04:50+00:00"
        },
        {
            "name": "twig/twig",
            "version": "v3.20.0",
            "source": {
                "type": "git",
                "url": "https://github.com/twigphp/Twig.git",
                "reference": "3468920399451a384bef53cf7996965f7cd40183"
            },
            "dist": {
                "type": "zip",
                "url": "https://api.github.com/repos/twigphp/Twig/zipball/3468920399451a384bef53cf7996965f7cd40183",
                "reference": "3468920399451a384bef53cf7996965f7cd40183",
                "shasum": ""
            },
            "require": {
                "php": ">=8.1.0",
                "symfony/deprecation-contracts": "^2.5|^3",
                "symfony/polyfill-ctype": "^1.8",
                "symfony/polyfill-mbstring": "^1.3"
            },
            "require-dev": {
                "phpstan/phpstan": "^2.0",
                "psr/container": "^1.0|^2.0",
                "symfony/phpunit-bridge": "^5.4.9|^6.4|^7.0"
            },
            "type": "library",
            "autoload": {
                "files": [
                    "src/Resources/core.php",
                    "src/Resources/debug.php",
                    "src/Resources/escaper.php",
                    "src/Resources/string_loader.php"
                ],
                "psr-4": {
                    "Twig\\": "src/"
                }
            },
            "notification-url": "https://packagist.org/downloads/",
            "license": [
                "BSD-3-Clause"
            ],
            "authors": [
                {
                    "name": "Fabien Potencier",
                    "email": "fabien@symfony.com",
                    "homepage": "http://fabien.potencier.org",
                    "role": "Lead Developer"
                },
                {
                    "name": "Twig Team",
                    "role": "Contributors"
                },
                {
                    "name": "Armin Ronacher",
                    "email": "armin.ronacher@active-4.com",
                    "role": "Project Founder"
                }
            ],
            "description": "Twig, the flexible, fast, and secure template language for PHP",
            "homepage": "https://twig.symfony.com",
            "keywords": [
                "templating"
            ],
            "support": {
                "issues": "https://github.com/twigphp/Twig/issues",
                "source": "https://github.com/twigphp/Twig/tree/v3.20.0"
            },
            "funding": [
                {
                    "url": "https://github.com/fabpot",
                    "type": "github"
                },
                {
                    "url": "https://tidelift.com/funding/github/packagist/twig/twig",
                    "type": "tidelift"
                }
            ],
            "time": "2025-02-13T08:34:43+00:00"
        }
    ],
    "packages-dev": [],
    "aliases": [],
    "minimum-stability": "stable",
    "stability-flags": {},
    "prefer-stable": false,
    "prefer-lowest": false,
    "platform": {},
    "platform-dev": {},
    "plugin-api-version": "2.6.0"
}
